
Microsoft Visual Studio Solution File, Format Version 12.00
# Visual Studio Version 16
VisualStudioVersion = 16.0.30114.105
MinimumVisualStudioVersion = 10.0.40219.1
Project("{F184B08F-C81C-45F6-A57F-5ABD9991F28F}") = "ResistorColor", "resistor-color\ResistorColor.vbproj", "{95598311-11FB-4023-A7C3-99504D4DB956}"
EndProject
Project("{F184B08F-C81C-45F6-A57F-5ABD9991F28F}") = "PerfectNumbers", "perfect-numbers\PerfectNumbers.vbproj", "{A4CBF14B-334E-4EFD-888A-0158137C5677}"
EndProject
Project("{F184B08F-C81C-45F6-A57F-5ABD9991F28F}") = "HighScores", "high-scores\HighScores.vbproj", "{4010226F-FE24-46F0-9746-F03D76FEFBF0}"
EndProject
Project("{F184B08F-C81C-45F6-A57F-5ABD9991F28F}") = "Binary", "binary\Binary.vbproj", "{35C478A5-45FE-4DED-AE82-0EDFA6A70944}"
EndProject
Project("{F184B08F-C81C-45F6-A57F-5ABD9991F28F}") = "CollatzConjecture", "collatz-conjecture\CollatzConjecture.vbproj", "{8F5BB175-4003-4444-B7E9-C6F8374B6C85}"
EndProject
Project("{F184B08F-C81C-45F6-A57F-5ABD9991F28F}") = "CryptoSquare", "crypto-square\CryptoSquare.vbproj", "{E0E6CF30-F29E-426B-A7D4-4A824FF61863}"
EndProject
Project("{F184B08F-C81C-45F6-A57F-5ABD9991F28F}") = "AtbashCipher", "atbash-cipher\AtbashCipher.vbproj", "{B806099A-DBAA-4BB1-8CEF-C193CE581658}"
EndProject
Project("{F184B08F-C81C-45F6-A57F-5ABD9991F28F}") = "Accumulate", "accumulate\Accumulate.vbproj", "{D48707C7-A4F7-4498-8C0F-E7635652F5C2}"
EndProject
Project("{F184B08F-C81C-45F6-A57F-5ABD9991F28F}") = "Clock", "clock\Clock.vbproj", "{EBAF515A-67B6-42ED-8308-358562D76937}"
EndProject
Project("{F184B08F-C81C-45F6-A57F-5ABD9991F28F}") = "Allergies", "allergies\Allergies.vbproj", "{A705466A-9557-492E-978D-424313E4DB17}"
EndProject
Project("{F184B08F-C81C-45F6-A57F-5ABD9991F28F}") = "Anagram", "anagram\Anagram.vbproj", "{F190BA1F-39BD-4572-96AE-0BA7DDB072DB}"
EndProject
Project("{F184B08F-C81C-45F6-A57F-5ABD9991F28F}") = "Hamming", "hamming\Hamming.vbproj", "{AB16BF5E-337E-4AC5-9F91-1C0007425908}"
EndProject
Project("{F184B08F-C81C-45F6-A57F-5ABD9991F28F}") = "Bob", "bob\Bob.vbproj", "{DAA74A09-C3EC-4591-90E4-889906FAD579}"
EndProject
Project("{F184B08F-C81C-45F6-A57F-5ABD9991F28F}") = "TwoFer", "two-fer\TwoFer.vbproj", "{8C6A3CCE-0236-4B62-A6CC-DEE0EC5D2BC2}"
EndProject
Project("{F184B08F-C81C-45F6-A57F-5ABD9991F28F}") = "PhoneNumber", "phone-number\PhoneNumber.vbproj", "{3F01CFA5-91B0-4EB3-9B79-C4E122C87D87}"
EndProject
Project("{F184B08F-C81C-45F6-A57F-5ABD9991F28F}") = "MatchingBrackets", "matching-brackets\MatchingBrackets.vbproj", "{BB40E304-9F9E-4D88-BEEA-6B6160593607}"
EndProject
Project("{F184B08F-C81C-45F6-A57F-5ABD9991F28F}") = "HelloWorld", "hello-world\HelloWorld.vbproj", "{04C5D693-20F4-44DF-BCFC-7EE872045E72}"
EndProject
Project("{F184B08F-C81C-45F6-A57F-5ABD9991F28F}") = "AllYourBase", "all-your-base\AllYourBase.vbproj", "{94D5E229-93B5-4597-925A-D94F6FA2EA06}"
EndProject
Project("{F184B08F-C81C-45F6-A57F-5ABD9991F28F}") = "Leap", "leap\Leap.vbproj", "{61766752-6CE2-4DF1-BCB4-7DE608732F16}"
EndProject
Project("{F184B08F-C81C-45F6-A57F-5ABD9991F28F}") = "ReverseString", "reverse-string\ReverseString.vbproj", "{FFA9B791-E26F-409E-8272-FBBA1E2B16C6}"
EndProject
Global
	GlobalSection(SolutionConfigurationPlatforms) = preSolution
		Debug|Any CPU = Debug|Any CPU
		Release|Any CPU = Release|Any CPU
	EndGlobalSection
	GlobalSection(SolutionProperties) = preSolution
		HideSolutionNode = FALSE
	EndGlobalSection
	GlobalSection(ProjectConfigurationPlatforms) = postSolution
		{95598311-11FB-4023-A7C3-99504D4DB956}.Debug|Any CPU.ActiveCfg = Debug|Any CPU
		{95598311-11FB-4023-A7C3-99504D4DB956}.Debug|Any CPU.Build.0 = Debug|Any CPU
		{95598311-11FB-4023-A7C3-99504D4DB956}.Release|Any CPU.ActiveCfg = Release|Any CPU
		{95598311-11FB-4023-A7C3-99504D4DB956}.Release|Any CPU.Build.0 = Release|Any CPU
		{A4CBF14B-334E-4EFD-888A-0158137C5677}.Debug|Any CPU.ActiveCfg = Debug|Any CPU
		{A4CBF14B-334E-4EFD-888A-0158137C5677}.Debug|Any CPU.Build.0 = Debug|Any CPU
		{A4CBF14B-334E-4EFD-888A-0158137C5677}.Release|Any CPU.ActiveCfg = Release|Any CPU
		{A4CBF14B-334E-4EFD-888A-0158137C5677}.Release|Any CPU.Build.0 = Release|Any CPU
		{4010226F-FE24-46F0-9746-F03D76FEFBF0}.Debug|Any CPU.ActiveCfg = Debug|Any CPU
		{4010226F-FE24-46F0-9746-F03D76FEFBF0}.Debug|Any CPU.Build.0 = Debug|Any CPU
		{4010226F-FE24-46F0-9746-F03D76FEFBF0}.Release|Any CPU.ActiveCfg = Release|Any CPU
		{4010226F-FE24-46F0-9746-F03D76FEFBF0}.Release|Any CPU.Build.0 = Release|Any CPU
		{35C478A5-45FE-4DED-AE82-0EDFA6A70944}.Debug|Any CPU.ActiveCfg = Debug|Any CPU
		{35C478A5-45FE-4DED-AE82-0EDFA6A70944}.Debug|Any CPU.Build.0 = Debug|Any CPU
		{35C478A5-45FE-4DED-AE82-0EDFA6A70944}.Release|Any CPU.ActiveCfg = Release|Any CPU
		{35C478A5-45FE-4DED-AE82-0EDFA6A70944}.Release|Any CPU.Build.0 = Release|Any CPU
		{8F5BB175-4003-4444-B7E9-C6F8374B6C85}.Debug|Any CPU.ActiveCfg = Debug|Any CPU
		{8F5BB175-4003-4444-B7E9-C6F8374B6C85}.Debug|Any CPU.Build.0 = Debug|Any CPU
		{8F5BB175-4003-4444-B7E9-C6F8374B6C85}.Release|Any CPU.ActiveCfg = Release|Any CPU
		{8F5BB175-4003-4444-B7E9-C6F8374B6C85}.Release|Any CPU.Build.0 = Release|Any CPU
		{E0E6CF30-F29E-426B-A7D4-4A824FF61863}.Debug|Any CPU.ActiveCfg = Debug|Any CPU
		{E0E6CF30-F29E-426B-A7D4-4A824FF61863}.Debug|Any CPU.Build.0 = Debug|Any CPU
		{E0E6CF30-F29E-426B-A7D4-4A824FF61863}.Release|Any CPU.ActiveCfg = Release|Any CPU
		{E0E6CF30-F29E-426B-A7D4-4A824FF61863}.Release|Any CPU.Build.0 = Release|Any CPU
		{B806099A-DBAA-4BB1-8CEF-C193CE581658}.Debug|Any CPU.ActiveCfg = Debug|Any CPU
		{B806099A-DBAA-4BB1-8CEF-C193CE581658}.Debug|Any CPU.Build.0 = Debug|Any CPU
		{B806099A-DBAA-4BB1-8CEF-C193CE581658}.Release|Any CPU.ActiveCfg = Release|Any CPU
		{B806099A-DBAA-4BB1-8CEF-C193CE581658}.Release|Any CPU.Build.0 = Release|Any CPU
		{D48707C7-A4F7-4498-8C0F-E7635652F5C2}.Debug|Any CPU.ActiveCfg = Debug|Any CPU
		{D48707C7-A4F7-4498-8C0F-E7635652F5C2}.Debug|Any CPU.Build.0 = Debug|Any CPU
		{D48707C7-A4F7-4498-8C0F-E7635652F5C2}.Release|Any CPU.ActiveCfg = Release|Any CPU
		{D48707C7-A4F7-4498-8C0F-E7635652F5C2}.Release|Any CPU.Build.0 = Release|Any CPU
		{EBAF515A-67B6-42ED-8308-358562D76937}.Debug|Any CPU.ActiveCfg = Debug|Any CPU
		{EBAF515A-67B6-42ED-8308-358562D76937}.Debug|Any CPU.Build.0 = Debug|Any CPU
		{EBAF515A-67B6-42ED-8308-358562D76937}.Release|Any CPU.ActiveCfg = Release|Any CPU
		{EBAF515A-67B6-42ED-8308-358562D76937}.Release|Any CPU.Build.0 = Release|Any CPU
		{A705466A-9557-492E-978D-424313E4DB17}.Debug|Any CPU.ActiveCfg = Debug|Any CPU
		{A705466A-9557-492E-978D-424313E4DB17}.Debug|Any CPU.Build.0 = Debug|Any CPU
		{A705466A-9557-492E-978D-424313E4DB17}.Release|Any CPU.ActiveCfg = Release|Any CPU
		{A705466A-9557-492E-978D-424313E4DB17}.Release|Any CPU.Build.0 = Release|Any CPU
		{F190BA1F-39BD-4572-96AE-0BA7DDB072DB}.Debug|Any CPU.ActiveCfg = Debug|Any CPU
		{F190BA1F-39BD-4572-96AE-0BA7DDB072DB}.Debug|Any CPU.Build.0 = Debug|Any CPU
		{F190BA1F-39BD-4572-96AE-0BA7DDB072DB}.Release|Any CPU.ActiveCfg = Release|Any CPU
		{F190BA1F-39BD-4572-96AE-0BA7DDB072DB}.Release|Any CPU.Build.0 = Release|Any CPU
		{AB16BF5E-337E-4AC5-9F91-1C0007425908}.Debug|Any CPU.ActiveCfg = Debug|Any CPU
		{AB16BF5E-337E-4AC5-9F91-1C0007425908}.Debug|Any CPU.Build.0 = Debug|Any CPU
		{AB16BF5E-337E-4AC5-9F91-1C0007425908}.Release|Any CPU.ActiveCfg = Release|Any CPU
		{AB16BF5E-337E-4AC5-9F91-1C0007425908}.Release|Any CPU.Build.0 = Release|Any CPU
		{DAA74A09-C3EC-4591-90E4-889906FAD579}.Debug|Any CPU.ActiveCfg = Debug|Any CPU
		{DAA74A09-C3EC-4591-90E4-889906FAD579}.Debug|Any CPU.Build.0 = Debug|Any CPU
		{DAA74A09-C3EC-4591-90E4-889906FAD579}.Release|Any CPU.ActiveCfg = Release|Any CPU
		{DAA74A09-C3EC-4591-90E4-889906FAD579}.Release|Any CPU.Build.0 = Release|Any CPU
		{8C6A3CCE-0236-4B62-A6CC-DEE0EC5D2BC2}.Debug|Any CPU.ActiveCfg = Debug|Any CPU
		{8C6A3CCE-0236-4B62-A6CC-DEE0EC5D2BC2}.Debug|Any CPU.Build.0 = Debug|Any CPU
		{8C6A3CCE-0236-4B62-A6CC-DEE0EC5D2BC2}.Release|Any CPU.ActiveCfg = Release|Any CPU
		{8C6A3CCE-0236-4B62-A6CC-DEE0EC5D2BC2}.Release|Any CPU.Build.0 = Release|Any CPU
		{3F01CFA5-91B0-4EB3-9B79-C4E122C87D87}.Debug|Any CPU.ActiveCfg = Debug|Any CPU
		{3F01CFA5-91B0-4EB3-9B79-C4E122C87D87}.Debug|Any CPU.Build.0 = Debug|Any CPU
		{3F01CFA5-91B0-4EB3-9B79-C4E122C87D87}.Release|Any CPU.ActiveCfg = Release|Any CPU
		{3F01CFA5-91B0-4EB3-9B79-C4E122C87D87}.Release|Any CPU.Build.0 = Release|Any CPU
		{BB40E304-9F9E-4D88-BEEA-6B6160593607}.Debug|Any CPU.ActiveCfg = Debug|Any CPU
		{BB40E304-9F9E-4D88-BEEA-6B6160593607}.Debug|Any CPU.Build.0 = Debug|Any CPU
		{BB40E304-9F9E-4D88-BEEA-6B6160593607}.Release|Any CPU.ActiveCfg = Release|Any CPU
		{BB40E304-9F9E-4D88-BEEA-6B6160593607}.Release|Any CPU.Build.0 = Release|Any CPU
		{04C5D693-20F4-44DF-BCFC-7EE872045E72}.Debug|Any CPU.ActiveCfg = Debug|Any CPU
		{04C5D693-20F4-44DF-BCFC-7EE872045E72}.Debug|Any CPU.Build.0 = Debug|Any CPU
		{04C5D693-20F4-44DF-BCFC-7EE872045E72}.Release|Any CPU.ActiveCfg = Release|Any CPU
		{04C5D693-20F4-44DF-BCFC-7EE872045E72}.Release|Any CPU.Build.0 = Release|Any CPU
		{94D5E229-93B5-4597-925A-D94F6FA2EA06}.Debug|Any CPU.ActiveCfg = Debug|Any CPU
		{94D5E229-93B5-4597-925A-D94F6FA2EA06}.Debug|Any CPU.Build.0 = Debug|Any CPU
		{94D5E229-93B5-4597-925A-D94F6FA2EA06}.Release|Any CPU.ActiveCfg = Release|Any CPU
		{94D5E229-93B5-4597-925A-D94F6FA2EA06}.Release|Any CPU.Build.0 = Release|Any CPU
		{61766752-6CE2-4DF1-BCB4-7DE608732F16}.Debug|Any CPU.ActiveCfg = Debug|Any CPU
		{61766752-6CE2-4DF1-BCB4-7DE608732F16}.Debug|Any CPU.Build.0 = Debug|Any CPU
		{61766752-6CE2-4DF1-BCB4-7DE608732F16}.Release|Any CPU.ActiveCfg = Release|Any CPU
		{61766752-6CE2-4DF1-BCB4-7DE608732F16}.Release|Any CPU.Build.0 = Release|Any CPU
		{FFA9B791-E26F-409E-8272-FBBA1E2B16C6}.Debug|Any CPU.ActiveCfg = Debug|Any CPU
		{FFA9B791-E26F-409E-8272-FBBA1E2B16C6}.Debug|Any CPU.Build.0 = Debug|Any CPU
		{FFA9B791-E26F-409E-8272-FBBA1E2B16C6}.Release|Any CPU.ActiveCfg = Release|Any CPU
		{FFA9B791-E26F-409E-8272-FBBA1E2B16C6}.Release|Any CPU.Build.0 = Release|Any CPU
	EndGlobalSection
EndGlobal
