<Solution>
  <Folder Name="/practice/">
    <Project Path="practice/accumulate/Accumulate.vbproj" />
    <Project Path="practice/acronym/Acronym.vbproj" />
    <Project Path="practice/affine-cipher/AffineCipher.vbproj" />
    <Project Path="practice/all-your-base/AllYourBase.vbproj" />
    <Project Path="practice/allergies/Allergies.vbproj" />
    <Project Path="practice/anagram/Anagram.vbproj" />
    <Project Path="practice/armstrong-numbers/ArmstrongNumbers.vbproj" />
    <Project Path="practice/atbash-cipher/AtbashCipher.vbproj" />
    <Project Path="practice/bank-account/BankAccount.vbproj" />
    <Project Path="practice/beer-song/BeerSong.vbproj" />
    <Project Path="practice/binary-search/BinarySearch.vbproj" />
    <Project Path="practice/binary-search-tree/BinarySearchTree.vbproj" />
    <Project Path="practice/binary/Binary.vbproj" />
    <Project Path="practice/bob/Bob.vbproj" />
    <Project Path="practice/book-store/BookStore.vbproj" />
    <Project Path="practice/bottle-song/BottleSong.vbproj" />
    <Project Path="practice/bowling/Bowling.vbproj" />
    <Project Path="practice/camicia/Camicia.vbproj" />
    <Project Path="practice/change/Change.vbproj" />
    <Project Path="practice/circular-buffer/CircularBuffer.vbproj" />
    <Project Path="practice/clock/Clock.vbproj" />
    <Project Path="practice/collatz-conjecture/CollatzConjecture.vbproj" />
    <Project Path="practice/crypto-square/CryptoSquare.vbproj" />
    <Project Path="practice/darts/Darts.vbproj" />
    <Project Path="practice/diamond/Diamond.vbproj" />
    <Project Path="practice/difference-of-squares/DifferenceOfSquares.vbproj" />
    <Project Path="practice/diffie-hellman/DiffieHellman.vbproj" />
    <Project Path="practice/dnd-character/DndCharacter.vbproj" />
    <Project Path="practice/eliuds-eggs/EliudsEggs.vbproj" />
    <Project Path="practice/error-handling/ErrorHandling.vbproj" />
    <Project Path="practice/etl/Etl.vbproj" />
    <Project Path="practice/flatten-array/FlattenArray.vbproj" />
    <Project Path="practice/flower-field/FlowerField.vbproj" />
    <Project Path="practice/food-chain/FoodChain.vbproj" />
    <Project Path="practice/game-of-life/GameOfLife.vbproj" />
    <Project Path="practice/gigasecond/Gigasecond.vbproj" />
    <Project Path="practice/grade-school/GradeSchool.vbproj" />
    <Project Path="practice/grains/Grains.vbproj" />
    <Project Path="practice/grep/Grep.vbproj" />
    <Project Path="practice/hamming/Hamming.vbproj" />
    <Project Path="practice/hello-world/HelloWorld.vbproj" />
    <Project Path="practice/high-scores/HighScores.vbproj" />
    <Project Path="practice/house/House.vbproj" />
    <Project Path="practice/isbn-verifier/IsbnVerifier.vbproj" />
    <Project Path="practice/isogram/Isogram.vbproj" />
    <Project Path="practice/kindergarten-garden/KindergartenGarden.vbproj" />
    <Project Path="practice/largest-series-product/LargestSeriesProduct.vbproj" />
    <Project Path="practice/leap/Leap.vbproj" />
    <Project Path="practice/ledger/Ledger.vbproj" />
    <Project Path="practice/linked-list/LinkedList.vbproj" />
    <Project Path="practice/line-up/LineUp.vbproj" />
    <Project Path="practice/list-ops/ListOps.vbproj" />
    <Project Path="practice/luhn/Luhn.vbproj" />
    <Project Path="practice/matching-brackets/MatchingBrackets.vbproj" />
    <Project Path="practice/matrix/Matrix.vbproj" />
    <Project Path="practice/meetup/Meetup.vbproj" />
    <Project Path="practice/minesweeper/Minesweeper.vbproj" />
    <Project Path="practice/nth-prime/NthPrime.vbproj" />
    <Project Path="practice/nucleotide-count/NucleotideCount.vbproj" />
    <Project Path="practice/ocr-numbers/OcrNumbers.vbproj" />
    <Project Path="practice/pangram/Pangram.vbproj" />
    <Project Path="practice/parallel-letter-frequency/ParallelLetterFrequency.vbproj" />
    <Project Path="practice/pascals-triangle/PascalsTriangle.vbproj" />
    <Project Path="practice/perfect-numbers/PerfectNumbers.vbproj" />
    <Project Path="practice/phone-number/PhoneNumber.vbproj" />
    <Project Path="practice/pig-latin/PigLatin.vbproj" />
    <Project Path="practice/poker/Poker.vbproj" />
    <Project Path="practice/prime-factors/PrimeFactors.vbproj" />
    <Project Path="practice/prism/Prism.vbproj" />
    <Project Path="practice/protein-translation/ProteinTranslation.vbproj" />
    <Project Path="practice/proverb/Proverb.vbproj" />
    <Project Path="practice/pythagorean-triplet/PythagoreanTriplet.vbproj" />
    <Project Path="practice/queen-attack/QueenAttack.vbproj" />
    <Project Path="practice/rail-fence-cipher/RailFenceCipher.vbproj" />
    <Project Path="practice/raindrops/Raindrops.vbproj" />
    <Project Path="practice/rectangles/Rectangles.vbproj" />
    <Project Path="practice/relative-distance/RelativeDistance.vbproj" />
    <Project Path="practice/resistor-color-duo/ResistorColorDuo.vbproj" />
    <Project Path="practice/resistor-color-trio/ResistorColorTrio.vbproj" />
    <Project Path="practice/resistor-color/ResistorColor.vbproj" />
    <Project Path="practice/rest-api/RestApi.vbproj" />
    <Project Path="practice/reverse-string/ReverseString.vbproj" />
    <Project Path="practice/rna-transcription/RnaTranscription.vbproj" />
    <Project Path="practice/robot-name/RobotName.vbproj" />
    <Project Path="practice/robot-simulator/RobotSimulator.vbproj" />
    <Project Path="practice/roman-numerals/RomanNumerals.vbproj" />
    <Project Path="practice/rotational-cipher/RotationalCipher.vbproj" />
    <Project Path="practice/run-length-encoding/RunLengthEncoding.vbproj" />
    <Project Path="practice/saddle-points/SaddlePoints.vbproj" />
    <Project Path="practice/say/Say.vbproj" />
    <Project Path="practice/scale-generator/ScaleGenerator.vbproj" />
    <Project Path="practice/scrabble-score/ScrabbleScore.vbproj" />
    <Project Path="practice/secret-handshake/SecretHandshake.vbproj" />
    <Project Path="practice/series/Series.vbproj" />
    <Project Path="practice/sieve/Sieve.vbproj" />
    <Project Path="practice/simple-cipher/SimpleCipher.vbproj" />
    <Project Path="practice/simple-linked-list/SimpleLinkedList.vbproj" />
    <Project Path="practice/space-age/SpaceAge.vbproj" />
    <Project Path="practice/spiral-matrix/SpiralMatrix.vbproj" />
    <Project Path="practice/square-root/SquareRoot.vbproj" />
    <Project Path="practice/state-of-tic-tac-toe/StateOfTicTacToe.vbproj" />
    <Project Path="practice/sublist/Sublist.vbproj" />
    <Project Path="practice/strain/Strain.vbproj" />
    <Project Path="practice/sum-of-multiples/SumOfMultiples.vbproj" />
    <Project Path="practice/tournament/Tournament.vbproj" />
    <Project Path="practice/transpose/Transpose.vbproj" />
    <Project Path="practice/tree-building/TreeBuilding.vbproj" />
    <Project Path="practice/triangle/Triangle.vbproj" />
    <Project Path="practice/twelve-days/TwelveDays.vbproj" />
    <Project Path="practice/two-bucket/TwoBucket.vbproj" />
    <Project Path="practice/two-fer/TwoFer.vbproj" />
    <Project Path="practice/variable-length-quantity/VariableLengthQuantity.vbproj" />
    <Project Path="practice/word-count/WordCount.vbproj" />
    <Project Path="practice/wordy/Wordy.vbproj" />
    <Project Path="practice/yacht/Yacht.vbproj" />
    <Project Path="practice/zebra-puzzle/ZebraPuzzle.vbproj" />
    <Project Path="practice/zipper/Zipper.vbproj" />
  </Folder>
</Solution>
